<?xml version="1.0" encoding="utf-8"?>
<Project ToolsVersion="4.0" xmlns="http://schemas.microsoft.com/developer/msbuild/2003">
  <ItemGroup>
    <ClCompile Include="Utility\Input.cpp">
      <Filter>Utility</Filter>
    </ClCompile>
    <ClCompile Include="Utility\Timer.cpp">
      <Filter>Utility</Filter>
    </ClCompile>
    <ClCompile Include="Utility\GraphicsHelpers.cpp">
      <Filter>Utility</Filter>
    </ClCompile>
    <ClCompile Include="TextureManager.cpp">
      <Filter>Sources</Filter>
    </ClCompile>
    <ClCompile Include="State.cpp">
      <Filter>Sources</Filter>
    </ClCompile>
    <ClCompile Include="Shader.cpp">
      <Filter>Sources</Filter>
    </ClCompile>
    <ClCompile Include="Scene.cpp">
      <Filter>Sources</Filter>
    </ClCompile>
    <ClCompile Include="ModelsAndMeshes.cpp">
      <Filter>Sources</Filter>
    </ClCompile>
    <ClCompile Include="Model.cpp">
      <Filter>Sources</Filter>
    </ClCompile>
    <ClCompile Include="Mesh.cpp">
      <Filter>Sources</Filter>
    </ClCompile>
    <ClCompile Include="Main.cpp">
      <Filter>Sources</Filter>
    </ClCompile>
    <ClCompile Include="Direct3DSetup.cpp">
      <Filter>Sources</Filter>
    </ClCompile>
    <ClCompile Include="Camera.cpp">
      <Filter>Sources</Filter>
    </ClCompile>
    <ClCompile Include="Math\CMatrix4x4.cpp">
      <Filter>Math</Filter>
    </ClCompile>
    <ClCompile Include="Math\CVector2.cpp">
      <Filter>Math</Filter>
    </ClCompile>
    <ClCompile Include="Math\CVector3.cpp">
      <Filter>Math</Filter>
    </ClCompile>
  </ItemGroup>
  <ItemGroup>
    <ClInclude Include="Utility\ColourRGBA.h">
      <Filter>Utility</Filter>
    </ClInclude>
    <ClInclude Include="Utility\Input.h">
      <Filter>Utility</Filter>
    </ClInclude>
    <ClInclude Include="Utility\Timer.h">
      <Filter>Utility</Filter>
    </ClInclude>
    <ClInclude Include="Utility\GraphicsHelpers.h">
      <Filter>Utility</Filter>
    </ClInclude>
    <ClInclude Include="Camera.h">
      <Filter>Headers</Filter>
    </ClInclude>
    <ClInclude Include="Common.h">
      <Filter>Headers</Filter>
    </ClInclude>
    <ClInclude Include="Definitions.h">
      <Filter>Headers</Filter>
    </ClInclude>
    <ClInclude Include="Direct3DSetup.h">
      <Filter>Headers</Filter>
    </ClInclude>
    <ClInclude Include="Mesh.h">
      <Filter>Headers</Filter>
    </ClInclude>
    <ClInclude Include="Model.h">
      <Filter>Headers</Filter>
    </ClInclude>
    <ClInclude Include="ModelsAndMeshes.h">
      <Filter>Headers</Filter>
    </ClInclude>
    <ClInclude Include="Scene.h">
      <Filter>Headers</Filter>
    </ClInclude>
    <ClInclude Include="Shader.h">
      <Filter>Headers</Filter>
    </ClInclude>
    <ClInclude Include="State.h">
      <Filter>Headers</Filter>
    </ClInclude>
    <ClInclude Include="TextureManager.h">
      <Filter>Headers</Filter>
    </ClInclude>
    <ClInclude Include="Math\CMatrix4x4.h">
      <Filter>Math</Filter>
    </ClInclude>
    <ClInclude Include="Math\CVector2.h">
      <Filter>Math</Filter>
    </ClInclude>
    <ClInclude Include="Math\CVector3.h">
      <Filter>Math</Filter>
    </ClInclude>
    <ClInclude Include="Math\MathHelpers.h">
      <Filter>Math</Filter>
    </ClInclude>
    <ClInclude Include="Resource.h">
      <Filter>Resources</Filter>
    </ClInclude>
    <ClInclude Include="resource1.h" />
  </ItemGroup>
  <ItemGroup>
    <Filter Include="Utility">
      <UniqueIdentifier>{3b75a466-1b3f-44db-90a2-73a9bfc56583}</UniqueIdentifier>
    </Filter>
    <Filter Include="Shaders">
      <UniqueIdentifier>{1d198607-cf52-46a9-8994-554d241d97a0}</UniqueIdentifier>
    </Filter>
    <Filter Include="Math">
      <UniqueIdentifier>{739716ac-bd96-4e4c-b3a2-61c7fdfdea4e}</UniqueIdentifier>
    </Filter>
    <Filter Include="Headers">
      <UniqueIdentifier>{1c63cd6b-fcc4-4268-9dfc-8bedc0b2f475}</UniqueIdentifier>
    </Filter>
    <Filter Include="Sources">
      <UniqueIdentifier>{5c54da8c-0c86-4ee1-9874-53adf2f86a35}</UniqueIdentifier>
    </Filter>
    <Filter Include="Resources">
      <UniqueIdentifier>{11db437b-b3c0-4b58-8c56-c872d3383612}</UniqueIdentifier>
    </Filter>
  </ItemGroup>
  <ItemGroup>
    <None Include="Shaders\Portal_ps.hlsli">
      <Filter>Shaders</Filter>
    </None>
    <None Include="Shaders\Portal_vs.hlsli">
      <Filter>Shaders</Filter>
    </None>
    <None Include="Shaders\Common.hlsli">
      <Filter>Shaders</Filter>
    </None>
  </ItemGroup>
  <ItemGroup>
    <FxCompile Include="Shaders\BasicTransform_vs.hlsl">
      <Filter>Shaders</Filter>
    </FxCompile>
    <FxCompile Include="Shaders\DepthOnly_ps.hlsl">
      <Filter>Shaders</Filter>
    </FxCompile>
    <FxCompile Include="Shaders\LerpShader_ps.hlsl">
      <Filter>Shaders</Filter>
    </FxCompile>
    <FxCompile Include="Shaders\LerpShader_vs.hlsl">
      <Filter>Shaders</Filter>
    </FxCompile>
    <FxCompile Include="Shaders\LightModel_ps.hlsl">
      <Filter>Shaders</Filter>
    </FxCompile>
    <FxCompile Include="Shaders\LightModel_vs.hlsl">
      <Filter>Shaders</Filter>
    </FxCompile>
    <FxCompile Include="Shaders\PixelLighting_ps.hlsl">
      <Filter>Shaders</Filter>
    </FxCompile>
    <FxCompile Include="Shaders\PixelLighting_vs.hlsl">
      <Filter>Shaders</Filter>
    </FxCompile>
    <FxCompile Include="Shaders\ShadowMapping_ps.hlsl">
      <Filter>Shaders</Filter>
    </FxCompile>
    <FxCompile Include="Shaders\ShadowMapping_vs.hlsl">
      <Filter>Shaders</Filter>
    </FxCompile>
    <FxCompile Include="Shaders\TransformLighting_ps.hlsl">
      <Filter>Shaders</Filter>
    </FxCompile>
    <FxCompile Include="Shaders\TransformLighting_vs.hlsl">
      <Filter>Shaders</Filter>
    </FxCompile>
  </ItemGroup>
  <ItemGroup>
    <Manifest Include="Water.manifest">
      <Filter>Resources</Filter>
    </Manifest>
  </ItemGroup>
  <ItemGroup>
    <ResourceCompile Include="Water.rc">
      <Filter>Resources</Filter>
    </ResourceCompile>
  </ItemGroup>
</Project>